
Microsoft Visual Studio Solution File, Format Version 12.00
# Visual Studio 2015
Project("{FAE04EC0-301F-11D3-BF4B-00C04F79EFBC}") = "TPS_Prototipe1.CSharp", "TPS_Prototipe1.CSharp.csproj", "{2B2FB1AC-A980-1825-15AA-B6A68CAB754F}"
EndProject
Project("{FAE04EC0-301F-11D3-BF4B-00C04F79EFBC}") = "TPS_Prototipe1.CSharp.Editor", "TPS_Prototipe1.CSharp.Editor.csproj", "{290244BC-D6B5-4E04-8EC6-826DA63078AF}"
EndProject
Global
	GlobalSection(SolutionConfigurationPlatforms) = preSolution
		Debug|Any CPU = Debug|Any CPU
		Release|Any CPU = Release|Any CPU
	EndGlobalSection
	GlobalSection(ProjectConfigurationPlatforms) = postSolution
		{2B2FB1AC-A980-1825-15AA-B6A68CAB754F}.Debug|Any CPU.ActiveCfg = Debug|Any CPU
		{2B2FB1AC-A980-1825-15AA-B6A68CAB754F}.Debug|Any CPU.Build.0 = Debug|Any CPU
		{2B2FB1AC-A980-1825-15AA-B6A68CAB754F}.Release|Any CPU.ActiveCfg = Release|Any CPU
		{2B2FB1AC-A980-1825-15AA-B6A68CAB754F}.Release|Any CPU.Build.0 = Release|Any CPU
		{290244BC-D6B5-4E04-8EC6-826DA63078AF}.Debug|Any CPU.ActiveCfg = Debug|Any CPU
		{290244BC-D6B5-4E04-8EC6-826DA63078AF}.Debug|Any CPU.Build.0 = Debug|Any CPU
		{290244BC-D6B5-4E04-8EC6-826DA63078AF}.Release|Any CPU.ActiveCfg = Release|Any CPU
		{290244BC-D6B5-4E04-8EC6-826DA63078AF}.Release|Any CPU.Build.0 = Release|Any CPU
	EndGlobalSection
	GlobalSection(SolutionProperties) = preSolution
		HideSolutionNode = FALSE
	EndGlobalSection
EndGlobal
